
Microsoft Visual Studio Solution File, Format Version 12.00
# Visual Studio 14
VisualStudioVersion = 14.0.25420.1
MinimumVisualStudioVersion = 10.0.40219.1
Project("{FAE04EC0-301F-11D3-BF4B-00C04F79EFBC}") = "ReplaceATag", "ReplaceATag\ReplaceATag.csproj", "{A0B40523-239D-4111-9A94-26E749FB4FEB}"
EndProject
Project("{FAE04EC0-301F-11D3-BF4B-00C04F79EFBC}") = "ExtractEmails", "ExtractEmails\ExtractEmails.csproj", "{32F85EA6-3E01-4D5D-91E5-4883DC3653B8}"
EndProject
Project("{FAE04EC0-301F-11D3-BF4B-00C04F79EFBC}") = "ExtractSentencesByKeyword", "ExtractSentencesByKeyword\ExtractSentencesByKeyword.csproj", "{EC5A66C2-EE93-4897-944D-A2E66933BBE8}"
EndProject
Project("{FAE04EC0-301F-11D3-BF4B-00C04F79EFBC}") = "ValidUsernames", "ValidUsernames\ValidUsernames.csproj", "{E9B964DC-CF15-4556-8E80-13F6B96306BE}"
EndProject
Project("{FAE04EC0-301F-11D3-BF4B-00C04F79EFBC}") = "QueryMess", "QueryMess\QueryMess.csproj", "{3E79CDCB-4BF6-4655-AB99-39E23F564CBF}"
EndProject
Project("{FAE04EC0-301F-11D3-BF4B-00C04F79EFBC}") = "UseYourChainsBuddy", "UseYourChainsBuddy\UseYourChainsBuddy.csproj", "{8C52F33E-820D-4F3F-A2B4-E34C2DF70443}"
EndProject
Project("{FAE04EC0-301F-11D3-BF4B-00C04F79EFBC}") = "CameraView", "CameraView\CameraView.csproj", "{05D2CA83-0DAF-441C-8C60-34EE922FE7F6}"
EndProject
Project("{FAE04EC0-301F-11D3-BF4B-00C04F79EFBC}") = "Wheather", "Wheather\Wheather.csproj", "{1F69CD72-94F7-437F-AFA4-94A5FD65748E}"
EndProject
Project("{FAE04EC0-301F-11D3-BF4B-00C04F79EFBC}") = "KeyReplacer", "KeyReplacer\KeyReplacer.csproj", "{F19B8790-80D6-4AA3-8508-C5E284940F45}"
EndProject
Global
	GlobalSection(SolutionConfigurationPlatforms) = preSolution
		Debug|Any CPU = Debug|Any CPU
		Release|Any CPU = Release|Any CPU
	EndGlobalSection
	GlobalSection(ProjectConfigurationPlatforms) = postSolution
		{A0B40523-239D-4111-9A94-26E749FB4FEB}.Debug|Any CPU.ActiveCfg = Debug|Any CPU
		{A0B40523-239D-4111-9A94-26E749FB4FEB}.Debug|Any CPU.Build.0 = Debug|Any CPU
		{A0B40523-239D-4111-9A94-26E749FB4FEB}.Release|Any CPU.ActiveCfg = Release|Any CPU
		{A0B40523-239D-4111-9A94-26E749FB4FEB}.Release|Any CPU.Build.0 = Release|Any CPU
		{32F85EA6-3E01-4D5D-91E5-4883DC3653B8}.Debug|Any CPU.ActiveCfg = Debug|Any CPU
		{32F85EA6-3E01-4D5D-91E5-4883DC3653B8}.Debug|Any CPU.Build.0 = Debug|Any CPU
		{32F85EA6-3E01-4D5D-91E5-4883DC3653B8}.Release|Any CPU.ActiveCfg = Release|Any CPU
		{32F85EA6-3E01-4D5D-91E5-4883DC3653B8}.Release|Any CPU.Build.0 = Release|Any CPU
		{EC5A66C2-EE93-4897-944D-A2E66933BBE8}.Debug|Any CPU.ActiveCfg = Debug|Any CPU
		{EC5A66C2-EE93-4897-944D-A2E66933BBE8}.Debug|Any CPU.Build.0 = Debug|Any CPU
		{EC5A66C2-EE93-4897-944D-A2E66933BBE8}.Release|Any CPU.ActiveCfg = Release|Any CPU
		{EC5A66C2-EE93-4897-944D-A2E66933BBE8}.Release|Any CPU.Build.0 = Release|Any CPU
		{E9B964DC-CF15-4556-8E80-13F6B96306BE}.Debug|Any CPU.ActiveCfg = Debug|Any CPU
		{E9B964DC-CF15-4556-8E80-13F6B96306BE}.Debug|Any CPU.Build.0 = Debug|Any CPU
		{E9B964DC-CF15-4556-8E80-13F6B96306BE}.Release|Any CPU.ActiveCfg = Release|Any CPU
		{E9B964DC-CF15-4556-8E80-13F6B96306BE}.Release|Any CPU.Build.0 = Release|Any CPU
		{3E79CDCB-4BF6-4655-AB99-39E23F564CBF}.Debug|Any CPU.ActiveCfg = Debug|Any CPU
		{3E79CDCB-4BF6-4655-AB99-39E23F564CBF}.Debug|Any CPU.Build.0 = Debug|Any CPU
		{3E79CDCB-4BF6-4655-AB99-39E23F564CBF}.Release|Any CPU.ActiveCfg = Release|Any CPU
		{3E79CDCB-4BF6-4655-AB99-39E23F564CBF}.Release|Any CPU.Build.0 = Release|Any CPU
		{8C52F33E-820D-4F3F-A2B4-E34C2DF70443}.Debug|Any CPU.ActiveCfg = Debug|Any CPU
		{8C52F33E-820D-4F3F-A2B4-E34C2DF70443}.Debug|Any CPU.Build.0 = Debug|Any CPU
		{8C52F33E-820D-4F3F-A2B4-E34C2DF70443}.Release|Any CPU.ActiveCfg = Release|Any CPU
		{8C52F33E-820D-4F3F-A2B4-E34C2DF70443}.Release|Any CPU.Build.0 = Release|Any CPU
		{05D2CA83-0DAF-441C-8C60-34EE922FE7F6}.Debug|Any CPU.ActiveCfg = Debug|Any CPU
		{05D2CA83-0DAF-441C-8C60-34EE922FE7F6}.Debug|Any CPU.Build.0 = Debug|Any CPU
		{05D2CA83-0DAF-441C-8C60-34EE922FE7F6}.Release|Any CPU.ActiveCfg = Release|Any CPU
		{05D2CA83-0DAF-441C-8C60-34EE922FE7F6}.Release|Any CPU.Build.0 = Release|Any CPU
		{1F69CD72-94F7-437F-AFA4-94A5FD65748E}.Debug|Any CPU.ActiveCfg = Debug|Any CPU
		{1F69CD72-94F7-437F-AFA4-94A5FD65748E}.Debug|Any CPU.Build.0 = Debug|Any CPU
		{1F69CD72-94F7-437F-AFA4-94A5FD65748E}.Release|Any CPU.ActiveCfg = Release|Any CPU
		{1F69CD72-94F7-437F-AFA4-94A5FD65748E}.Release|Any CPU.Build.0 = Release|Any CPU
		{F19B8790-80D6-4AA3-8508-C5E284940F45}.Debug|Any CPU.ActiveCfg = Debug|Any CPU
		{F19B8790-80D6-4AA3-8508-C5E284940F45}.Debug|Any CPU.Build.0 = Debug|Any CPU
		{F19B8790-80D6-4AA3-8508-C5E284940F45}.Release|Any CPU.ActiveCfg = Release|Any CPU
		{F19B8790-80D6-4AA3-8508-C5E284940F45}.Release|Any CPU.Build.0 = Release|Any CPU
	EndGlobalSection
	GlobalSection(SolutionProperties) = preSolution
		HideSolutionNode = FALSE
	EndGlobalSection
EndGlobal
