
Microsoft Visual Studio Solution File, Format Version 12.00
# Visual Studio 14
VisualStudioVersion = 14.0.25420.1
MinimumVisualStudioVersion = 10.0.40219.1
Project("{FAE04EC0-301F-11D3-BF4B-00C04F79EFBC}") = "OrderByAge", "ConsoleApplication2\OrderByAge.csproj", "{C1E1E8E8-E95B-4FB4-9C10-120B5546A691}"
EndProject
Project("{FAE04EC0-301F-11D3-BF4B-00C04F79EFBC}") = "VehicleCatalogue", "VehicleCatalogue\VehicleCatalogue.csproj", "{A2C97CF4-DE77-4B1C-B1B8-974DA5E044A3}"
EndProject
Project("{FAE04EC0-301F-11D3-BF4B-00C04F79EFBC}") = "Jarvis", "Jarvis\Jarvis.csproj", "{CD98B454-47B6-4118-B8AA-624BAED5FE62}"
EndProject
Project("{FAE04EC0-301F-11D3-BF4B-00C04F79EFBC}") = "PunctuationFinder", "PunctuationFinder\PunctuationFinder.csproj", "{9AE1ACEB-E0C6-4558-A775-947DDA8BCE82}"
EndProject
Project("{FAE04EC0-301F-11D3-BF4B-00C04F79EFBC}") = "WriteToFile", "WriteToFile\WriteToFile.csproj", "{B6969F6F-FD09-4D41-BD0E-ABD57BEDC813}"
EndProject
Project("{FAE04EC0-301F-11D3-BF4B-00C04F79EFBC}") = "EXCELlentKnowledge", "EXCELlentKnowledge\EXCELlentKnowledge.csproj", "{D95DF189-2F27-4578-AAB2-338EB01CE1DC}"
EndProject
Project("{FAE04EC0-301F-11D3-BF4B-00C04F79EFBC}") = "PlayAndCatch", "PlayAndCatch\PlayAndCatch.csproj", "{8C80B323-85B2-4B5D-B080-98385C9674C9}"
EndProject
Project("{FAE04EC0-301F-11D3-BF4B-00C04F79EFBC}") = "PersonnelException", "PersonnelException\PersonnelException.csproj", "{546F7835-3FBB-43B9-ADB6-CC8ED392CEA9}"
EndProject
Global
	GlobalSection(SolutionConfigurationPlatforms) = preSolution
		Debug|Any CPU = Debug|Any CPU
		Release|Any CPU = Release|Any CPU
	EndGlobalSection
	GlobalSection(ProjectConfigurationPlatforms) = postSolution
		{C1E1E8E8-E95B-4FB4-9C10-120B5546A691}.Debug|Any CPU.ActiveCfg = Debug|Any CPU
		{C1E1E8E8-E95B-4FB4-9C10-120B5546A691}.Debug|Any CPU.Build.0 = Debug|Any CPU
		{C1E1E8E8-E95B-4FB4-9C10-120B5546A691}.Release|Any CPU.ActiveCfg = Release|Any CPU
		{C1E1E8E8-E95B-4FB4-9C10-120B5546A691}.Release|Any CPU.Build.0 = Release|Any CPU
		{A2C97CF4-DE77-4B1C-B1B8-974DA5E044A3}.Debug|Any CPU.ActiveCfg = Debug|Any CPU
		{A2C97CF4-DE77-4B1C-B1B8-974DA5E044A3}.Debug|Any CPU.Build.0 = Debug|Any CPU
		{A2C97CF4-DE77-4B1C-B1B8-974DA5E044A3}.Release|Any CPU.ActiveCfg = Release|Any CPU
		{A2C97CF4-DE77-4B1C-B1B8-974DA5E044A3}.Release|Any CPU.Build.0 = Release|Any CPU
		{CD98B454-47B6-4118-B8AA-624BAED5FE62}.Debug|Any CPU.ActiveCfg = Debug|Any CPU
		{CD98B454-47B6-4118-B8AA-624BAED5FE62}.Debug|Any CPU.Build.0 = Debug|Any CPU
		{CD98B454-47B6-4118-B8AA-624BAED5FE62}.Release|Any CPU.ActiveCfg = Release|Any CPU
		{CD98B454-47B6-4118-B8AA-624BAED5FE62}.Release|Any CPU.Build.0 = Release|Any CPU
		{9AE1ACEB-E0C6-4558-A775-947DDA8BCE82}.Debug|Any CPU.ActiveCfg = Debug|Any CPU
		{9AE1ACEB-E0C6-4558-A775-947DDA8BCE82}.Debug|Any CPU.Build.0 = Debug|Any CPU
		{9AE1ACEB-E0C6-4558-A775-947DDA8BCE82}.Release|Any CPU.ActiveCfg = Release|Any CPU
		{9AE1ACEB-E0C6-4558-A775-947DDA8BCE82}.Release|Any CPU.Build.0 = Release|Any CPU
		{B6969F6F-FD09-4D41-BD0E-ABD57BEDC813}.Debug|Any CPU.ActiveCfg = Debug|Any CPU
		{B6969F6F-FD09-4D41-BD0E-ABD57BEDC813}.Debug|Any CPU.Build.0 = Debug|Any CPU
		{B6969F6F-FD09-4D41-BD0E-ABD57BEDC813}.Release|Any CPU.ActiveCfg = Release|Any CPU
		{B6969F6F-FD09-4D41-BD0E-ABD57BEDC813}.Release|Any CPU.Build.0 = Release|Any CPU
		{D95DF189-2F27-4578-AAB2-338EB01CE1DC}.Debug|Any CPU.ActiveCfg = Debug|Any CPU
		{D95DF189-2F27-4578-AAB2-338EB01CE1DC}.Debug|Any CPU.Build.0 = Debug|Any CPU
		{D95DF189-2F27-4578-AAB2-338EB01CE1DC}.Release|Any CPU.ActiveCfg = Release|Any CPU
		{D95DF189-2F27-4578-AAB2-338EB01CE1DC}.Release|Any CPU.Build.0 = Release|Any CPU
		{8C80B323-85B2-4B5D-B080-98385C9674C9}.Debug|Any CPU.ActiveCfg = Debug|Any CPU
		{8C80B323-85B2-4B5D-B080-98385C9674C9}.Debug|Any CPU.Build.0 = Debug|Any CPU
		{8C80B323-85B2-4B5D-B080-98385C9674C9}.Release|Any CPU.ActiveCfg = Release|Any CPU
		{8C80B323-85B2-4B5D-B080-98385C9674C9}.Release|Any CPU.Build.0 = Release|Any CPU
		{546F7835-3FBB-43B9-ADB6-CC8ED392CEA9}.Debug|Any CPU.ActiveCfg = Debug|Any CPU
		{546F7835-3FBB-43B9-ADB6-CC8ED392CEA9}.Debug|Any CPU.Build.0 = Debug|Any CPU
		{546F7835-3FBB-43B9-ADB6-CC8ED392CEA9}.Release|Any CPU.ActiveCfg = Release|Any CPU
		{546F7835-3FBB-43B9-ADB6-CC8ED392CEA9}.Release|Any CPU.Build.0 = Release|Any CPU
	EndGlobalSection
	GlobalSection(SolutionProperties) = preSolution
		HideSolutionNode = FALSE
	EndGlobalSection
EndGlobal
