
Microsoft Visual Studio Solution File, Format Version 12.00
# Visual Studio 14
VisualStudioVersion = 14.0.25420.1
MinimumVisualStudioVersion = 10.0.40219.1
Project("{FAE04EC0-301F-11D3-BF4B-00C04F79EFBC}") = "Greeting", "Greeting\Greeting.csproj", "{5E8D5DC7-8C1D-4BBF-B7C3-2F9315F4695C}"
EndProject
Project("{FAE04EC0-301F-11D3-BF4B-00C04F79EFBC}") = "AddTwoNumbers", "AddTwoNumbers\AddTwoNumbers.csproj", "{5D6BCA7E-946A-4B03-A6D6-96A0901BC877}"
EndProject
Project("{FAE04EC0-301F-11D3-BF4B-00C04F79EFBC}") = "EmployeeData", "EmployeeData\EmployeeData.csproj", "{EEDC52A3-FAE8-43C8-ACBB-620D4A472D92}"
EndProject
Project("{FAE04EC0-301F-11D3-BF4B-00C04F79EFBC}") = "DebitCardNumber", "DebitCardNumber\DebitCardNumber.csproj", "{62BA33D3-094B-4A44-8640-EA90382AD81D}"
EndProject
Project("{FAE04EC0-301F-11D3-BF4B-00C04F79EFBC}") = "RectangleArea", "RectangleArea\RectangleArea.csproj", "{BED3441E-A280-4FC9-845B-B4F1C1D9E2FD}"
EndProject
Project("{FAE04EC0-301F-11D3-BF4B-00C04F79EFBC}") = "MilesToKilometers", "MilesToKilometers\MilesToKilometers.csproj", "{F608B8E5-A810-44AA-B533-4772EF0017DF}"
EndProject
Project("{FAE04EC0-301F-11D3-BF4B-00C04F79EFBC}") = "BeverageLabels", "BeverageLabels\BeverageLabels.csproj", "{724FC0BD-2DD4-4D8C-9C89-33400BBF1A86}"
EndProject
Project("{FAE04EC0-301F-11D3-BF4B-00C04F79EFBC}") = "CharacterStats", "CharacterStats\CharacterStats.csproj", "{71DC2F20-140D-4DBB-BC41-4F85257824ED}"
EndProject
Project("{FAE04EC0-301F-11D3-BF4B-00C04F79EFBC}") = "Passed- Loops", "Passed- Loops\Passed- Loops.csproj", "{45C5E5DC-AFB8-49BD-AEEE-61167DE99964}"
EndProject
Project("{FAE04EC0-301F-11D3-BF4B-00C04F79EFBC}") = "BackIn30Minutes", "BackIn30Minutes\BackIn30Minutes.csproj", "{0F11D9D7-AD30-4F74-B52F-245A3D7AC3E4}"
EndProject
Project("{FAE04EC0-301F-11D3-BF4B-00C04F79EFBC}") = "MonthPrinter", "MonthPrinter\MonthPrinter.csproj", "{D2083A65-EE14-487D-826D-7BED88AB65E2}"
EndProject
Project("{FAE04EC0-301F-11D3-BF4B-00C04F79EFBC}") = "ForeignLanguages", "ForeignLanguages\ForeignLanguages.csproj", "{C64A2567-194C-4F0A-BAAB-BF72757B8B9B}"
EndProject
Project("{FAE04EC0-301F-11D3-BF4B-00C04F79EFBC}") = "TheatrePromotion", "TheatrePromotion\TheatrePromotion.csproj", "{2CCCBD02-AD30-47B7-A398-F96E4BA1EF52}"
EndProject
Project("{FAE04EC0-301F-11D3-BF4B-00C04F79EFBC}") = "DivisibleBy3", "DivisibleBy3\DivisibleBy3.csproj", "{6A78C6D3-7DFD-4802-8DC2-2FEBA3420A0E}"
EndProject
Project("{FAE04EC0-301F-11D3-BF4B-00C04F79EFBC}") = "SumOfOddNumbers", "SumOfOddNumbers\SumOfOddNumbers.csproj", "{20120117-EA48-4E79-A64E-D614CF66FC11}"
EndProject
Project("{FAE04EC0-301F-11D3-BF4B-00C04F79EFBC}") = "MultiplicationTable", "MultiplicationTable\MultiplicationTable.csproj", "{D144BEF8-77A6-401D-90DB-7FFE876C5AA7}"
EndProject
Project("{FAE04EC0-301F-11D3-BF4B-00C04F79EFBC}") = "MultiplicationTable2.0", "MultiplicationTable2.0\MultiplicationTable2.0.csproj", "{248F1E69-D524-4085-A09A-D20AA1DAA901}"
EndProject
Project("{FAE04EC0-301F-11D3-BF4B-00C04F79EFBC}") = "OddNumber", "OddNumber\OddNumber.csproj", "{7CFBF7FB-335B-423F-9E2F-08AE8A057402}"
EndProject
Project("{FAE04EC0-301F-11D3-BF4B-00C04F79EFBC}") = "NumberChecker", "NumberChecker\NumberChecker.csproj", "{D20D0D6D-F7B1-4BBB-9ED6-DC13F739A31D}"
EndProject
Global
	GlobalSection(SolutionConfigurationPlatforms) = preSolution
		Debug|Any CPU = Debug|Any CPU
		Release|Any CPU = Release|Any CPU
	EndGlobalSection
	GlobalSection(ProjectConfigurationPlatforms) = postSolution
		{5E8D5DC7-8C1D-4BBF-B7C3-2F9315F4695C}.Debug|Any CPU.ActiveCfg = Debug|Any CPU
		{5E8D5DC7-8C1D-4BBF-B7C3-2F9315F4695C}.Debug|Any CPU.Build.0 = Debug|Any CPU
		{5E8D5DC7-8C1D-4BBF-B7C3-2F9315F4695C}.Release|Any CPU.ActiveCfg = Release|Any CPU
		{5E8D5DC7-8C1D-4BBF-B7C3-2F9315F4695C}.Release|Any CPU.Build.0 = Release|Any CPU
		{5D6BCA7E-946A-4B03-A6D6-96A0901BC877}.Debug|Any CPU.ActiveCfg = Debug|Any CPU
		{5D6BCA7E-946A-4B03-A6D6-96A0901BC877}.Debug|Any CPU.Build.0 = Debug|Any CPU
		{5D6BCA7E-946A-4B03-A6D6-96A0901BC877}.Release|Any CPU.ActiveCfg = Release|Any CPU
		{5D6BCA7E-946A-4B03-A6D6-96A0901BC877}.Release|Any CPU.Build.0 = Release|Any CPU
		{EEDC52A3-FAE8-43C8-ACBB-620D4A472D92}.Debug|Any CPU.ActiveCfg = Debug|Any CPU
		{EEDC52A3-FAE8-43C8-ACBB-620D4A472D92}.Debug|Any CPU.Build.0 = Debug|Any CPU
		{EEDC52A3-FAE8-43C8-ACBB-620D4A472D92}.Release|Any CPU.ActiveCfg = Release|Any CPU
		{EEDC52A3-FAE8-43C8-ACBB-620D4A472D92}.Release|Any CPU.Build.0 = Release|Any CPU
		{62BA33D3-094B-4A44-8640-EA90382AD81D}.Debug|Any CPU.ActiveCfg = Debug|Any CPU
		{62BA33D3-094B-4A44-8640-EA90382AD81D}.Debug|Any CPU.Build.0 = Debug|Any CPU
		{62BA33D3-094B-4A44-8640-EA90382AD81D}.Release|Any CPU.ActiveCfg = Release|Any CPU
		{62BA33D3-094B-4A44-8640-EA90382AD81D}.Release|Any CPU.Build.0 = Release|Any CPU
		{BED3441E-A280-4FC9-845B-B4F1C1D9E2FD}.Debug|Any CPU.ActiveCfg = Debug|Any CPU
		{BED3441E-A280-4FC9-845B-B4F1C1D9E2FD}.Debug|Any CPU.Build.0 = Debug|Any CPU
		{BED3441E-A280-4FC9-845B-B4F1C1D9E2FD}.Release|Any CPU.ActiveCfg = Release|Any CPU
		{BED3441E-A280-4FC9-845B-B4F1C1D9E2FD}.Release|Any CPU.Build.0 = Release|Any CPU
		{F608B8E5-A810-44AA-B533-4772EF0017DF}.Debug|Any CPU.ActiveCfg = Debug|Any CPU
		{F608B8E5-A810-44AA-B533-4772EF0017DF}.Debug|Any CPU.Build.0 = Debug|Any CPU
		{F608B8E5-A810-44AA-B533-4772EF0017DF}.Release|Any CPU.ActiveCfg = Release|Any CPU
		{F608B8E5-A810-44AA-B533-4772EF0017DF}.Release|Any CPU.Build.0 = Release|Any CPU
		{724FC0BD-2DD4-4D8C-9C89-33400BBF1A86}.Debug|Any CPU.ActiveCfg = Debug|Any CPU
		{724FC0BD-2DD4-4D8C-9C89-33400BBF1A86}.Debug|Any CPU.Build.0 = Debug|Any CPU
		{724FC0BD-2DD4-4D8C-9C89-33400BBF1A86}.Release|Any CPU.ActiveCfg = Release|Any CPU
		{724FC0BD-2DD4-4D8C-9C89-33400BBF1A86}.Release|Any CPU.Build.0 = Release|Any CPU
		{71DC2F20-140D-4DBB-BC41-4F85257824ED}.Debug|Any CPU.ActiveCfg = Debug|Any CPU
		{71DC2F20-140D-4DBB-BC41-4F85257824ED}.Debug|Any CPU.Build.0 = Debug|Any CPU
		{71DC2F20-140D-4DBB-BC41-4F85257824ED}.Release|Any CPU.ActiveCfg = Release|Any CPU
		{71DC2F20-140D-4DBB-BC41-4F85257824ED}.Release|Any CPU.Build.0 = Release|Any CPU
		{45C5E5DC-AFB8-49BD-AEEE-61167DE99964}.Debug|Any CPU.ActiveCfg = Debug|Any CPU
		{45C5E5DC-AFB8-49BD-AEEE-61167DE99964}.Debug|Any CPU.Build.0 = Debug|Any CPU
		{45C5E5DC-AFB8-49BD-AEEE-61167DE99964}.Release|Any CPU.ActiveCfg = Release|Any CPU
		{45C5E5DC-AFB8-49BD-AEEE-61167DE99964}.Release|Any CPU.Build.0 = Release|Any CPU
		{0F11D9D7-AD30-4F74-B52F-245A3D7AC3E4}.Debug|Any CPU.ActiveCfg = Debug|Any CPU
		{0F11D9D7-AD30-4F74-B52F-245A3D7AC3E4}.Debug|Any CPU.Build.0 = Debug|Any CPU
		{0F11D9D7-AD30-4F74-B52F-245A3D7AC3E4}.Release|Any CPU.ActiveCfg = Release|Any CPU
		{0F11D9D7-AD30-4F74-B52F-245A3D7AC3E4}.Release|Any CPU.Build.0 = Release|Any CPU
		{D2083A65-EE14-487D-826D-7BED88AB65E2}.Debug|Any CPU.ActiveCfg = Debug|Any CPU
		{D2083A65-EE14-487D-826D-7BED88AB65E2}.Debug|Any CPU.Build.0 = Debug|Any CPU
		{D2083A65-EE14-487D-826D-7BED88AB65E2}.Release|Any CPU.ActiveCfg = Release|Any CPU
		{D2083A65-EE14-487D-826D-7BED88AB65E2}.Release|Any CPU.Build.0 = Release|Any CPU
		{C64A2567-194C-4F0A-BAAB-BF72757B8B9B}.Debug|Any CPU.ActiveCfg = Debug|Any CPU
		{C64A2567-194C-4F0A-BAAB-BF72757B8B9B}.Debug|Any CPU.Build.0 = Debug|Any CPU
		{C64A2567-194C-4F0A-BAAB-BF72757B8B9B}.Release|Any CPU.ActiveCfg = Release|Any CPU
		{C64A2567-194C-4F0A-BAAB-BF72757B8B9B}.Release|Any CPU.Build.0 = Release|Any CPU
		{2CCCBD02-AD30-47B7-A398-F96E4BA1EF52}.Debug|Any CPU.ActiveCfg = Debug|Any CPU
		{2CCCBD02-AD30-47B7-A398-F96E4BA1EF52}.Debug|Any CPU.Build.0 = Debug|Any CPU
		{2CCCBD02-AD30-47B7-A398-F96E4BA1EF52}.Release|Any CPU.ActiveCfg = Release|Any CPU
		{2CCCBD02-AD30-47B7-A398-F96E4BA1EF52}.Release|Any CPU.Build.0 = Release|Any CPU
		{6A78C6D3-7DFD-4802-8DC2-2FEBA3420A0E}.Debug|Any CPU.ActiveCfg = Debug|Any CPU
		{6A78C6D3-7DFD-4802-8DC2-2FEBA3420A0E}.Debug|Any CPU.Build.0 = Debug|Any CPU
		{6A78C6D3-7DFD-4802-8DC2-2FEBA3420A0E}.Release|Any CPU.ActiveCfg = Release|Any CPU
		{6A78C6D3-7DFD-4802-8DC2-2FEBA3420A0E}.Release|Any CPU.Build.0 = Release|Any CPU
		{20120117-EA48-4E79-A64E-D614CF66FC11}.Debug|Any CPU.ActiveCfg = Debug|Any CPU
		{20120117-EA48-4E79-A64E-D614CF66FC11}.Debug|Any CPU.Build.0 = Debug|Any CPU
		{20120117-EA48-4E79-A64E-D614CF66FC11}.Release|Any CPU.ActiveCfg = Release|Any CPU
		{20120117-EA48-4E79-A64E-D614CF66FC11}.Release|Any CPU.Build.0 = Release|Any CPU
		{D144BEF8-77A6-401D-90DB-7FFE876C5AA7}.Debug|Any CPU.ActiveCfg = Debug|Any CPU
		{D144BEF8-77A6-401D-90DB-7FFE876C5AA7}.Debug|Any CPU.Build.0 = Debug|Any CPU
		{D144BEF8-77A6-401D-90DB-7FFE876C5AA7}.Release|Any CPU.ActiveCfg = Release|Any CPU
		{D144BEF8-77A6-401D-90DB-7FFE876C5AA7}.Release|Any CPU.Build.0 = Release|Any CPU
		{248F1E69-D524-4085-A09A-D20AA1DAA901}.Debug|Any CPU.ActiveCfg = Debug|Any CPU
		{248F1E69-D524-4085-A09A-D20AA1DAA901}.Debug|Any CPU.Build.0 = Debug|Any CPU
		{248F1E69-D524-4085-A09A-D20AA1DAA901}.Release|Any CPU.ActiveCfg = Release|Any CPU
		{248F1E69-D524-4085-A09A-D20AA1DAA901}.Release|Any CPU.Build.0 = Release|Any CPU
		{7CFBF7FB-335B-423F-9E2F-08AE8A057402}.Debug|Any CPU.ActiveCfg = Debug|Any CPU
		{7CFBF7FB-335B-423F-9E2F-08AE8A057402}.Debug|Any CPU.Build.0 = Debug|Any CPU
		{7CFBF7FB-335B-423F-9E2F-08AE8A057402}.Release|Any CPU.ActiveCfg = Release|Any CPU
		{7CFBF7FB-335B-423F-9E2F-08AE8A057402}.Release|Any CPU.Build.0 = Release|Any CPU
		{D20D0D6D-F7B1-4BBB-9ED6-DC13F739A31D}.Debug|Any CPU.ActiveCfg = Debug|Any CPU
		{D20D0D6D-F7B1-4BBB-9ED6-DC13F739A31D}.Debug|Any CPU.Build.0 = Debug|Any CPU
		{D20D0D6D-F7B1-4BBB-9ED6-DC13F739A31D}.Release|Any CPU.ActiveCfg = Release|Any CPU
		{D20D0D6D-F7B1-4BBB-9ED6-DC13F739A31D}.Release|Any CPU.Build.0 = Release|Any CPU
	EndGlobalSection
	GlobalSection(SolutionProperties) = preSolution
		HideSolutionNode = FALSE
	EndGlobalSection
EndGlobal
