
Microsoft Visual Studio Solution File, Format Version 12.00
# Visual Studio 14
VisualStudioVersion = 14.0.25420.1
MinimumVisualStudioVersion = 10.0.40219.1
Project("{FAE04EC0-301F-11D3-BF4B-00C04F79EFBC}") = "Censorship", "Censorship\Censorship.csproj", "{BB218C84-1709-4E74-8B74-503C076DF758}"
EndProject
Project("{FAE04EC0-301F-11D3-BF4B-00C04F79EFBC}") = "EmailMe2", "EmailMe2\EmailMe2.csproj", "{F5E6545C-81C9-4E7D-9246-836523980718}"
EndProject
Project("{FAE04EC0-301F-11D3-BF4B-00C04F79EFBC}") = "KarateString", "KarateString\KarateString.csproj", "{63F40EE6-DEF9-4B1F-B9FD-5E93E4569CA3}"
EndProject
Project("{FAE04EC0-301F-11D3-BF4B-00C04F79EFBC}") = "MorseCodeUpgraded", "MorseCodeUpgraded\MorseCodeUpgraded.csproj", "{24400973-D8FC-4441-8A97-C2610133A2A3}"
EndProject
Project("{FAE04EC0-301F-11D3-BF4B-00C04F79EFBC}") = "OnlyLetters", "OnlyLetters\OnlyLetters.csproj", "{E35D7119-A330-47D5-983A-A00FF1A0773D}"
EndProject
Project("{FAE04EC0-301F-11D3-BF4B-00C04F79EFBC}") = "EmailStatistics", "EmailStatistics\EmailStatistics.csproj", "{D7B477E5-3A6C-4E56-A79D-8CD10D6F1C6C}"
EndProject
Project("{FAE04EC0-301F-11D3-BF4B-00C04F79EFBC}") = "Hideout", "Hideout\Hideout.csproj", "{911C128F-5E8D-47E4-8581-01D5EC985F36}"
EndProject
Project("{FAE04EC0-301F-11D3-BF4B-00C04F79EFBC}") = "Mines", "Mines\Mines.csproj", "{E9D77848-D205-4A8F-BFBC-218C5F1FDE56}"
EndProject
Global
	GlobalSection(SolutionConfigurationPlatforms) = preSolution
		Debug|Any CPU = Debug|Any CPU
		Release|Any CPU = Release|Any CPU
	EndGlobalSection
	GlobalSection(ProjectConfigurationPlatforms) = postSolution
		{BB218C84-1709-4E74-8B74-503C076DF758}.Debug|Any CPU.ActiveCfg = Debug|Any CPU
		{BB218C84-1709-4E74-8B74-503C076DF758}.Debug|Any CPU.Build.0 = Debug|Any CPU
		{BB218C84-1709-4E74-8B74-503C076DF758}.Release|Any CPU.ActiveCfg = Release|Any CPU
		{BB218C84-1709-4E74-8B74-503C076DF758}.Release|Any CPU.Build.0 = Release|Any CPU
		{F5E6545C-81C9-4E7D-9246-836523980718}.Debug|Any CPU.ActiveCfg = Debug|Any CPU
		{F5E6545C-81C9-4E7D-9246-836523980718}.Debug|Any CPU.Build.0 = Debug|Any CPU
		{F5E6545C-81C9-4E7D-9246-836523980718}.Release|Any CPU.ActiveCfg = Release|Any CPU
		{F5E6545C-81C9-4E7D-9246-836523980718}.Release|Any CPU.Build.0 = Release|Any CPU
		{63F40EE6-DEF9-4B1F-B9FD-5E93E4569CA3}.Debug|Any CPU.ActiveCfg = Debug|Any CPU
		{63F40EE6-DEF9-4B1F-B9FD-5E93E4569CA3}.Debug|Any CPU.Build.0 = Debug|Any CPU
		{63F40EE6-DEF9-4B1F-B9FD-5E93E4569CA3}.Release|Any CPU.ActiveCfg = Release|Any CPU
		{63F40EE6-DEF9-4B1F-B9FD-5E93E4569CA3}.Release|Any CPU.Build.0 = Release|Any CPU
		{24400973-D8FC-4441-8A97-C2610133A2A3}.Debug|Any CPU.ActiveCfg = Debug|Any CPU
		{24400973-D8FC-4441-8A97-C2610133A2A3}.Debug|Any CPU.Build.0 = Debug|Any CPU
		{24400973-D8FC-4441-8A97-C2610133A2A3}.Release|Any CPU.ActiveCfg = Release|Any CPU
		{24400973-D8FC-4441-8A97-C2610133A2A3}.Release|Any CPU.Build.0 = Release|Any CPU
		{E35D7119-A330-47D5-983A-A00FF1A0773D}.Debug|Any CPU.ActiveCfg = Debug|Any CPU
		{E35D7119-A330-47D5-983A-A00FF1A0773D}.Debug|Any CPU.Build.0 = Debug|Any CPU
		{E35D7119-A330-47D5-983A-A00FF1A0773D}.Release|Any CPU.ActiveCfg = Release|Any CPU
		{E35D7119-A330-47D5-983A-A00FF1A0773D}.Release|Any CPU.Build.0 = Release|Any CPU
		{D7B477E5-3A6C-4E56-A79D-8CD10D6F1C6C}.Debug|Any CPU.ActiveCfg = Debug|Any CPU
		{D7B477E5-3A6C-4E56-A79D-8CD10D6F1C6C}.Debug|Any CPU.Build.0 = Debug|Any CPU
		{D7B477E5-3A6C-4E56-A79D-8CD10D6F1C6C}.Release|Any CPU.ActiveCfg = Release|Any CPU
		{D7B477E5-3A6C-4E56-A79D-8CD10D6F1C6C}.Release|Any CPU.Build.0 = Release|Any CPU
		{911C128F-5E8D-47E4-8581-01D5EC985F36}.Debug|Any CPU.ActiveCfg = Debug|Any CPU
		{911C128F-5E8D-47E4-8581-01D5EC985F36}.Debug|Any CPU.Build.0 = Debug|Any CPU
		{911C128F-5E8D-47E4-8581-01D5EC985F36}.Release|Any CPU.ActiveCfg = Release|Any CPU
		{911C128F-5E8D-47E4-8581-01D5EC985F36}.Release|Any CPU.Build.0 = Release|Any CPU
		{E9D77848-D205-4A8F-BFBC-218C5F1FDE56}.Debug|Any CPU.ActiveCfg = Debug|Any CPU
		{E9D77848-D205-4A8F-BFBC-218C5F1FDE56}.Debug|Any CPU.Build.0 = Debug|Any CPU
		{E9D77848-D205-4A8F-BFBC-218C5F1FDE56}.Release|Any CPU.ActiveCfg = Release|Any CPU
		{E9D77848-D205-4A8F-BFBC-218C5F1FDE56}.Release|Any CPU.Build.0 = Release|Any CPU
	EndGlobalSection
	GlobalSection(SolutionProperties) = preSolution
		HideSolutionNode = FALSE
	EndGlobalSection
EndGlobal
