
Microsoft Visual Studio Solution File, Format Version 12.00
# Visual Studio 14
VisualStudioVersion = 14.0.25420.1
MinimumVisualStudioVersion = 10.0.40219.1
Project("{FAE04EC0-301F-11D3-BF4B-00C04F79EFBC}") = "SortTimes", "SortTimes\SortTimes.csproj", "{272081CE-E6D5-4543-B0B5-7EB0500FC72E}"
EndProject
Project("{FAE04EC0-301F-11D3-BF4B-00C04F79EFBC}") = "OddFilter", "OddFilter\OddFilter.csproj", "{96CB3B6B-0FCF-4A15-BA63-E93B2DFB0AF4}"
EndProject
Project("{FAE04EC0-301F-11D3-BF4B-00C04F79EFBC}") = "ImmuneSystem", "ImmuneSystem\ImmuneSystem.csproj", "{775436CB-C43B-46AA-B377-CEE0F67DEB5F}"
EndProject
Project("{FAE04EC0-301F-11D3-BF4B-00C04F79EFBC}") = "SupermarketDatabase", "SupermarketDatabase\SupermarketDatabase.csproj", "{7E1DE646-CA33-48A3-81E3-6C1FDFF8C362}"
EndProject
Project("{FAE04EC0-301F-11D3-BF4B-00C04F79EFBC}") = "ParkingValidation", "ParkingValidation\ParkingValidation.csproj", "{1CBAF9B4-65C2-4A29-A566-176A159428C3}"
EndProject
Project("{FAE04EC0-301F-11D3-BF4B-00C04F79EFBC}") = "ByteFlip", "ByteFlip\ByteFlip.csproj", "{380A6B3F-A029-4353-A873-442003BFD49C}"
EndProject
Project("{FAE04EC0-301F-11D3-BF4B-00C04F79EFBC}") = "TakeOrSkipRope", "TakeOrSkipRope\TakeOrSkipRope.csproj", "{22B97E48-F6E4-4AF6-8FDD-2357CC34098D}"
EndProject
Global
	GlobalSection(SolutionConfigurationPlatforms) = preSolution
		Debug|Any CPU = Debug|Any CPU
		Release|Any CPU = Release|Any CPU
	EndGlobalSection
	GlobalSection(ProjectConfigurationPlatforms) = postSolution
		{272081CE-E6D5-4543-B0B5-7EB0500FC72E}.Debug|Any CPU.ActiveCfg = Debug|Any CPU
		{272081CE-E6D5-4543-B0B5-7EB0500FC72E}.Debug|Any CPU.Build.0 = Debug|Any CPU
		{272081CE-E6D5-4543-B0B5-7EB0500FC72E}.Release|Any CPU.ActiveCfg = Release|Any CPU
		{272081CE-E6D5-4543-B0B5-7EB0500FC72E}.Release|Any CPU.Build.0 = Release|Any CPU
		{96CB3B6B-0FCF-4A15-BA63-E93B2DFB0AF4}.Debug|Any CPU.ActiveCfg = Debug|Any CPU
		{96CB3B6B-0FCF-4A15-BA63-E93B2DFB0AF4}.Debug|Any CPU.Build.0 = Debug|Any CPU
		{96CB3B6B-0FCF-4A15-BA63-E93B2DFB0AF4}.Release|Any CPU.ActiveCfg = Release|Any CPU
		{96CB3B6B-0FCF-4A15-BA63-E93B2DFB0AF4}.Release|Any CPU.Build.0 = Release|Any CPU
		{775436CB-C43B-46AA-B377-CEE0F67DEB5F}.Debug|Any CPU.ActiveCfg = Debug|Any CPU
		{775436CB-C43B-46AA-B377-CEE0F67DEB5F}.Debug|Any CPU.Build.0 = Debug|Any CPU
		{775436CB-C43B-46AA-B377-CEE0F67DEB5F}.Release|Any CPU.ActiveCfg = Release|Any CPU
		{775436CB-C43B-46AA-B377-CEE0F67DEB5F}.Release|Any CPU.Build.0 = Release|Any CPU
		{7E1DE646-CA33-48A3-81E3-6C1FDFF8C362}.Debug|Any CPU.ActiveCfg = Debug|Any CPU
		{7E1DE646-CA33-48A3-81E3-6C1FDFF8C362}.Debug|Any CPU.Build.0 = Debug|Any CPU
		{7E1DE646-CA33-48A3-81E3-6C1FDFF8C362}.Release|Any CPU.ActiveCfg = Release|Any CPU
		{7E1DE646-CA33-48A3-81E3-6C1FDFF8C362}.Release|Any CPU.Build.0 = Release|Any CPU
		{1CBAF9B4-65C2-4A29-A566-176A159428C3}.Debug|Any CPU.ActiveCfg = Debug|Any CPU
		{1CBAF9B4-65C2-4A29-A566-176A159428C3}.Debug|Any CPU.Build.0 = Debug|Any CPU
		{1CBAF9B4-65C2-4A29-A566-176A159428C3}.Release|Any CPU.ActiveCfg = Release|Any CPU
		{1CBAF9B4-65C2-4A29-A566-176A159428C3}.Release|Any CPU.Build.0 = Release|Any CPU
		{380A6B3F-A029-4353-A873-442003BFD49C}.Debug|Any CPU.ActiveCfg = Debug|Any CPU
		{380A6B3F-A029-4353-A873-442003BFD49C}.Debug|Any CPU.Build.0 = Debug|Any CPU
		{380A6B3F-A029-4353-A873-442003BFD49C}.Release|Any CPU.ActiveCfg = Release|Any CPU
		{380A6B3F-A029-4353-A873-442003BFD49C}.Release|Any CPU.Build.0 = Release|Any CPU
		{22B97E48-F6E4-4AF6-8FDD-2357CC34098D}.Debug|Any CPU.ActiveCfg = Debug|Any CPU
		{22B97E48-F6E4-4AF6-8FDD-2357CC34098D}.Debug|Any CPU.Build.0 = Debug|Any CPU
		{22B97E48-F6E4-4AF6-8FDD-2357CC34098D}.Release|Any CPU.ActiveCfg = Release|Any CPU
		{22B97E48-F6E4-4AF6-8FDD-2357CC34098D}.Release|Any CPU.Build.0 = Release|Any CPU
	EndGlobalSection
	GlobalSection(SolutionProperties) = preSolution
		HideSolutionNode = FALSE
	EndGlobalSection
EndGlobal
